
Microsoft Visual Studio Solution File, Format Version 12.00
# Visual Studio Version 17
VisualStudioVersion = 17.8.34322.80
MinimumVisualStudioVersion = 10.0.40219.1
Project("{FAE04EC0-301F-11D3-BF4B-00C04F79EFBC}") = "WebApp", "src\WebApp\WebApp.csproj", "{012D7075-880F-450B-A020-568668DE1FD4}"
EndProject
Project("{FAE04EC0-301F-11D3-BF4B-00C04F79EFBC}") = "WebApp.Client", "src\WebApp.Client\WebApp.Client.csproj", "{708B4FCE-D53C-4F92-869E-0AF0FA69FA2D}"
EndProject
Global
	GlobalSection(SolutionConfigurationPlatforms) = preSolution
		Debug|Any CPU = Debug|Any CPU
		Release|Any CPU = Release|Any CPU
	EndGlobalSection
	GlobalSection(ProjectConfigurationPlatforms) = postSolution
		{012D7075-880F-450B-A020-568668DE1FD4}.Debug|Any CPU.ActiveCfg = Debug|Any CPU
		{012D7075-880F-450B-A020-568668DE1FD4}.Debug|Any CPU.Build.0 = Debug|Any CPU
		{012D7075-880F-450B-A020-568668DE1FD4}.Release|Any CPU.ActiveCfg = Release|Any CPU
		{012D7075-880F-450B-A020-568668DE1FD4}.Release|Any CPU.Build.0 = Release|Any CPU
		{708B4FCE-D53C-4F92-869E-0AF0FA69FA2D}.Debug|Any CPU.ActiveCfg = Debug|Any CPU
		{708B4FCE-D53C-4F92-869E-0AF0FA69FA2D}.Debug|Any CPU.Build.0 = Debug|Any CPU
		{708B4FCE-D53C-4F92-869E-0AF0FA69FA2D}.Release|Any CPU.ActiveCfg = Release|Any CPU
		{708B4FCE-D53C-4F92-869E-0AF0FA69FA2D}.Release|Any CPU.Build.0 = Release|Any CPU
	EndGlobalSection
	GlobalSection(SolutionProperties) = preSolution
		HideSolutionNode = FALSE
	EndGlobalSection
	GlobalSection(ExtensibilityGlobals) = postSolution
		SolutionGuid = {13A1A25D-6A19-48F6-83C3-572B59FD48C7}
	EndGlobalSection
EndGlobal
